
Microsoft Visual Studio Solution File, Format Version 12.00
# Visual Studio 15
VisualStudioVersion = 15.0.28307.1209
MinimumVisualStudioVersion = 10.0.40219.1
Project("{9A19103F-16F7-4668-BE54-9A1E7A4F7556}") = "RVCoreBoard.MVC", "RVCoreBoard.MVC\RVCoreBoard.MVC.csproj", "{012F03E1-5286-4B67-B62D-8F7A32DAB124}"
EndProject
Global
	GlobalSection(SolutionConfigurationPlatforms) = preSolution
		Debug|Any CPU = Debug|Any CPU
		Release|Any CPU = Release|Any CPU
	EndGlobalSection
	GlobalSection(ProjectConfigurationPlatforms) = postSolution
		{012F03E1-5286-4B67-B62D-8F7A32DAB124}.Debug|Any CPU.ActiveCfg = Debug|Any CPU
		{012F03E1-5286-4B67-B62D-8F7A32DAB124}.Debug|Any CPU.Build.0 = Debug|Any CPU
		{012F03E1-5286-4B67-B62D-8F7A32DAB124}.Release|Any CPU.ActiveCfg = Release|Any CPU
		{012F03E1-5286-4B67-B62D-8F7A32DAB124}.Release|Any CPU.Build.0 = Release|Any CPU
	EndGlobalSection
	GlobalSection(SolutionProperties) = preSolution
		HideSolutionNode = FALSE
	EndGlobalSection
	GlobalSection(ExtensibilityGlobals) = postSolution
		SolutionGuid = {F8B27DAA-2272-49E9-B8B7-F7D66F8111F0}
	EndGlobalSection
EndGlobal
